
Microsoft Visual Studio Solution File, Format Version 12.00
# Visual Studio Version 16
VisualStudioVersion = 16.0.31205.134
MinimumVisualStudioVersion = 10.0.40219.1
Project("{8BC9CEB8-8B4A-11D0-8D11-00A0C91BC942}") = "Supermarket1", "Supermarket1\Supermarket1.vcxproj", "{DA789A11-1428-4B2D-BA69-75D02371D441}"
EndProject
Global
	GlobalSection(SolutionConfigurationPlatforms) = preSolution
		Debug|x64 = Debug|x64
		Debug|x86 = Debug|x86
		Release|x64 = Release|x64
		Release|x86 = Release|x86
	EndGlobalSection
	GlobalSection(ProjectConfigurationPlatforms) = postSolution
		{DA789A11-1428-4B2D-BA69-75D02371D441}.Debug|x64.ActiveCfg = Debug|x64
		{DA789A11-1428-4B2D-BA69-75D02371D441}.Debug|x64.Build.0 = Debug|x64
		{DA789A11-1428-4B2D-BA69-75D02371D441}.Debug|x86.ActiveCfg = Debug|Win32
		{DA789A11-1428-4B2D-BA69-75D02371D441}.Debug|x86.Build.0 = Debug|Win32
		{DA789A11-1428-4B2D-BA69-75D02371D441}.Release|x64.ActiveCfg = Release|x64
		{DA789A11-1428-4B2D-BA69-75D02371D441}.Release|x64.Build.0 = Release|x64
		{DA789A11-1428-4B2D-BA69-75D02371D441}.Release|x86.ActiveCfg = Release|Win32
		{DA789A11-1428-4B2D-BA69-75D02371D441}.Release|x86.Build.0 = Release|Win32
	EndGlobalSection
	GlobalSection(SolutionProperties) = preSolution
		HideSolutionNode = FALSE
	EndGlobalSection
	GlobalSection(ExtensibilityGlobals) = postSolution
		SolutionGuid = {52EDD1F7-1E52-44EC-93D7-C6704938B0DE}
	EndGlobalSection
EndGlobal
