
Microsoft Visual Studio Solution File, Format Version 12.00
# Visual Studio Version 16
VisualStudioVersion = 16.0.31205.134
MinimumVisualStudioVersion = 10.0.40219.1
Project("{8BC9CEB8-8B4A-11D0-8D11-00A0C91BC942}") = "Manhatan", "Manhatan\Manhatan.vcxproj", "{1FEF5F9B-ABEE-4453-8F07-F9410C2298B3}"
EndProject
Global
	GlobalSection(SolutionConfigurationPlatforms) = preSolution
		Debug|x64 = Debug|x64
		Debug|x86 = Debug|x86
		Release|x64 = Release|x64
		Release|x86 = Release|x86
	EndGlobalSection
	GlobalSection(ProjectConfigurationPlatforms) = postSolution
		{1FEF5F9B-ABEE-4453-8F07-F9410C2298B3}.Debug|x64.ActiveCfg = Debug|x64
		{1FEF5F9B-ABEE-4453-8F07-F9410C2298B3}.Debug|x64.Build.0 = Debug|x64
		{1FEF5F9B-ABEE-4453-8F07-F9410C2298B3}.Debug|x86.ActiveCfg = Debug|Win32
		{1FEF5F9B-ABEE-4453-8F07-F9410C2298B3}.Debug|x86.Build.0 = Debug|Win32
		{1FEF5F9B-ABEE-4453-8F07-F9410C2298B3}.Release|x64.ActiveCfg = Release|x64
		{1FEF5F9B-ABEE-4453-8F07-F9410C2298B3}.Release|x64.Build.0 = Release|x64
		{1FEF5F9B-ABEE-4453-8F07-F9410C2298B3}.Release|x86.ActiveCfg = Release|Win32
		{1FEF5F9B-ABEE-4453-8F07-F9410C2298B3}.Release|x86.Build.0 = Release|Win32
	EndGlobalSection
	GlobalSection(SolutionProperties) = preSolution
		HideSolutionNode = FALSE
	EndGlobalSection
	GlobalSection(ExtensibilityGlobals) = postSolution
		SolutionGuid = {FF1A2F59-A067-4335-A8C3-5DF4FE82739A}
	EndGlobalSection
EndGlobal
